
Microsoft Visual Studio Solution File, Format Version 12.00
# Visual Studio Version 17
VisualStudioVersion = 17.5.33516.290
MinimumVisualStudioVersion = 10.0.40219.1
Project("{9A19103F-16F7-4668-BE54-9A1E7A4F7556}") = "Registros", "TableExam\Registros.csproj", "{2FBC16F7-E254-4562-8848-17B9AE207061}"
EndProject
Project("{9A19103F-16F7-4668-BE54-9A1E7A4F7556}") = "EL", "Registros\EL.csproj", "{D18617ED-A75F-4DAF-8870-2FA7603E5346}"
EndProject
Project("{FAE04EC0-301F-11D3-BF4B-00C04F79EFBC}") = "DAL", "DALL\DAL.csproj", "{35E0E0FD-F945-4821-B254-7B350F9D1058}"
EndProject
Project("{FAE04EC0-301F-11D3-BF4B-00C04F79EFBC}") = "BLL", "BLL\BLL.csproj", "{F81ED44D-6ABC-4AEA-B7AF-D8081AB3F795}"
EndProject
Global
	GlobalSection(SolutionConfigurationPlatforms) = preSolution
		Debug|Any CPU = Debug|Any CPU
		Release|Any CPU = Release|Any CPU
	EndGlobalSection
	GlobalSection(ProjectConfigurationPlatforms) = postSolution
		{2FBC16F7-E254-4562-8848-17B9AE207061}.Debug|Any CPU.ActiveCfg = Debug|Any CPU
		{2FBC16F7-E254-4562-8848-17B9AE207061}.Debug|Any CPU.Build.0 = Debug|Any CPU
		{2FBC16F7-E254-4562-8848-17B9AE207061}.Release|Any CPU.ActiveCfg = Release|Any CPU
		{2FBC16F7-E254-4562-8848-17B9AE207061}.Release|Any CPU.Build.0 = Release|Any CPU
		{D18617ED-A75F-4DAF-8870-2FA7603E5346}.Debug|Any CPU.ActiveCfg = Debug|Any CPU
		{D18617ED-A75F-4DAF-8870-2FA7603E5346}.Debug|Any CPU.Build.0 = Debug|Any CPU
		{D18617ED-A75F-4DAF-8870-2FA7603E5346}.Release|Any CPU.ActiveCfg = Release|Any CPU
		{D18617ED-A75F-4DAF-8870-2FA7603E5346}.Release|Any CPU.Build.0 = Release|Any CPU
		{35E0E0FD-F945-4821-B254-7B350F9D1058}.Debug|Any CPU.ActiveCfg = Debug|Any CPU
		{35E0E0FD-F945-4821-B254-7B350F9D1058}.Debug|Any CPU.Build.0 = Debug|Any CPU
		{35E0E0FD-F945-4821-B254-7B350F9D1058}.Release|Any CPU.ActiveCfg = Release|Any CPU
		{35E0E0FD-F945-4821-B254-7B350F9D1058}.Release|Any CPU.Build.0 = Release|Any CPU
		{F81ED44D-6ABC-4AEA-B7AF-D8081AB3F795}.Debug|Any CPU.ActiveCfg = Debug|Any CPU
		{F81ED44D-6ABC-4AEA-B7AF-D8081AB3F795}.Debug|Any CPU.Build.0 = Debug|Any CPU
		{F81ED44D-6ABC-4AEA-B7AF-D8081AB3F795}.Release|Any CPU.ActiveCfg = Release|Any CPU
		{F81ED44D-6ABC-4AEA-B7AF-D8081AB3F795}.Release|Any CPU.Build.0 = Release|Any CPU
	EndGlobalSection
	GlobalSection(SolutionProperties) = preSolution
		HideSolutionNode = FALSE
	EndGlobalSection
	GlobalSection(ExtensibilityGlobals) = postSolution
		SolutionGuid = {C0893040-5D28-4443-A55E-D8EE45EA07C0}
	EndGlobalSection
EndGlobal
